# This file is automatically @generated by Poetry 1.8.3 and should not be changed by hand.

[[package]]
name = "mysql-connector-python"
version = "9.1.0"
description = "A self-contained Python driver for communicating with MySQL servers, using an API that is compliant with the Python Database API Specification v2.0 (PEP 249)."
optional = false
python-versions = ">=3.9"
files = [
    {file = "mysql-connector-python-9.1.0.tar.gz", hash = "sha256:346261a2aeb743a39cf66ba8bde5e45931d313b76ce0946a69a6d1187ec7d279"},
    {file = "mysql_connector_python-9.1.0-cp310-cp310-macosx_13_0_arm64.whl", hash = "sha256:dcdcf380d07b9ca6f18a95e9516a6185f2ab31a53d290d5e698e77e59c043c9e"},
    {file = "mysql_connector_python-9.1.0-cp310-cp310-macosx_13_0_x86_64.whl", hash = "sha256:948ef0c7da87901176d4320e0f40a3277ee06fe6f58ce151c1e60d8d50fdeaf4"},
    {file = "mysql_connector_python-9.1.0-cp310-cp310-manylinux_2_28_aarch64.whl", hash = "sha256:abf16fc1155ebeba5558e5702dd7210d634ac8da484eca05a640b68a548dc7cf"},
    {file = "mysql_connector_python-9.1.0-cp310-cp310-manylinux_2_28_x86_64.whl", hash = "sha256:aceaab679b852c0a2ec0eed9eb2a490171b3493484f1881b605cbf2f9c5fde6d"},
    {file = "mysql_connector_python-9.1.0-cp310-cp310-win_amd64.whl", hash = "sha256:72dcce5f2e4f5910d65f02eb318c1e4622464da007a3ae5e9ccd64169d8efac3"},
    {file = "mysql_connector_python-9.1.0-cp311-cp311-macosx_13_0_arm64.whl", hash = "sha256:9b23a8e2acee91b5120febe00c53e7f472b9b6d49618e39fa1af86cdc1f0ade8"},
    {file = "mysql_connector_python-9.1.0-cp311-cp311-macosx_13_0_x86_64.whl", hash = "sha256:e15153cb8ab5fcec00b99077de536489d22d4809fc28f633850398fef0560b1f"},
    {file = "mysql_connector_python-9.1.0-cp311-cp311-manylinux_2_28_aarch64.whl", hash = "sha256:fec943d333851c4b5e57cd0b04dde36e6817f0d4d62b2a58ce028a82be444866"},
    {file = "mysql_connector_python-9.1.0-cp311-cp311-manylinux_2_28_x86_64.whl", hash = "sha256:c36a9b9ebf9587aaa5d7928468fefe8faf6fc993a03cb242bb160ede9cf75b2d"},
    {file = "mysql_connector_python-9.1.0-cp311-cp311-win_amd64.whl", hash = "sha256:7b2eb48518b8c2bc9636883d264b291e5c93824fc6b61823ca9cf396a09474ad"},
    {file = "mysql_connector_python-9.1.0-cp312-cp312-macosx_13_0_arm64.whl", hash = "sha256:f67b22e3eaf5b03ffac97232d3dd67b56abcacad907ad4391c847bad5ba58f0e"},
    {file = "mysql_connector_python-9.1.0-cp312-cp312-macosx_13_0_x86_64.whl", hash = "sha256:c75f674a52b8820c90d466183b2bb59f89bcf09d17ebe9b391313d89565c8896"},
    {file = "mysql_connector_python-9.1.0-cp312-cp312-manylinux_2_28_aarch64.whl", hash = "sha256:e75ecb3df2c2cbe4d92d5dd58a318fa708edebc0fa2d850fc2a9d42481dbb808"},
    {file = "mysql_connector_python-9.1.0-cp312-cp312-manylinux_2_28_x86_64.whl", hash = "sha256:7d99c0a841a2c2a0e4d5b28376c1bfac794ec3821b66eb6fa2f7702cec820ee8"},
    {file = "mysql_connector_python-9.1.0-cp312-cp312-win_amd64.whl", hash = "sha256:30a8f0ba84f8adf15a4877e80b3f97f786ce35616d918b9310578a2bd22952d5"},
    {file = "mysql_connector_python-9.1.0-cp313-cp313-macosx_13_0_arm64.whl", hash = "sha256:d627ebafc0327b935d8783454e7a4b5c32324ed39a2a1589239490ab850bf7d7"},
    {file = "mysql_connector_python-9.1.0-cp313-cp313-macosx_13_0_x86_64.whl", hash = "sha256:e26a08a9500407fa8f4a6504f7077d1312bec4fa52cb0a58c1ad324ca1f3eeaa"},
    {file = "mysql_connector_python-9.1.0-cp313-cp313-manylinux_2_28_aarch64.whl", hash = "sha256:109e17a4ada1442e3881a51e2bbabcb336ad229a619ac61e9ad24bd6b9b117bd"},
    {file = "mysql_connector_python-9.1.0-cp313-cp313-manylinux_2_28_x86_64.whl", hash = "sha256:4f102452c64332b7e042fa37b84d4f15332bd639e479d15035f2a005fb9fbb34"},
    {file = "mysql_connector_python-9.1.0-cp313-cp313-win_amd64.whl", hash = "sha256:25e261f3260ec798c48cb910862a299e565548a1b5421dec84315ddbc9ef28c4"},
    {file = "mysql_connector_python-9.1.0-cp39-cp39-macosx_13_0_arm64.whl", hash = "sha256:ec4386b2426bfb07f83455bf895d8a7e2d6c067343ac05be5511083ca2424991"},
    {file = "mysql_connector_python-9.1.0-cp39-cp39-macosx_13_0_x86_64.whl", hash = "sha256:28fd99ee464ac3b02d1e2a71a63ca4f25c6110e4414a46a5b64631e6d2096899"},
    {file = "mysql_connector_python-9.1.0-cp39-cp39-manylinux_2_28_aarch64.whl", hash = "sha256:e2f0876e1efd76e05853cb0a623dba2746ee70686c043019d811737dd5c3d871"},
    {file = "mysql_connector_python-9.1.0-cp39-cp39-manylinux_2_28_x86_64.whl", hash = "sha256:6d7d5d458d0d600bbbebd9f2bce551e386b359bcce6026f7369b57922d26f13a"},
    {file = "mysql_connector_python-9.1.0-cp39-cp39-win_amd64.whl", hash = "sha256:c350b1aaf257b1b778f44b8bfaeda07751f55e150f5a7464342f36e4aac8e805"},
    {file = "mysql_connector_python-9.1.0-py2.py3-none-any.whl", hash = "sha256:dacf1aa84dc7dd8ae908626c3ae50fce956d0105130c7465fd248a4f035d50b1"},
]

[package.extras]
dns-srv = ["dnspython (==2.6.1)"]
fido2 = ["fido2 (==1.1.2)"]
gssapi = ["gssapi (==1.8.3)"]
telemetry = ["opentelemetry-api (==1.18.0)", "opentelemetry-exporter-otlp-proto-http (==1.18.0)", "opentelemetry-sdk (==1.18.0)"]

[[package]]
name = "mysqlclient"
version = "2.2.5"
description = "Python interface to MySQL"
optional = false
python-versions = ">=3.8"
files = [
    {file = "mysqlclient-2.2.5-cp310-cp310-win_amd64.whl", hash = "sha256:b78438314199504c64f69e1e3521f2c9b419f19fcd85158b44c997b64409a6af"},
    {file = "mysqlclient-2.2.5-cp311-cp311-win_amd64.whl", hash = "sha256:b54511648c1455b43ac28f8b4c1f732c5b0c343e87f7a3bd6fc9f9fe0f91934e"},
    {file = "mysqlclient-2.2.5-cp312-cp312-win_amd64.whl", hash = "sha256:e871ede4261d0d42b8ed20a2459db411c7deafedd8e77b7e4ba760be4a6a752b"},
    {file = "mysqlclient-2.2.5-cp313-cp313-win_amd64.whl", hash = "sha256:8012c633aab8c91ea8172ac479807135b171501b9cad1a7cd9b58c4dc8dcdab5"},
    {file = "mysqlclient-2.2.5-cp39-cp39-win_amd64.whl", hash = "sha256:3f9625bea2b9bcde0ace76b32708762d44597491092c819fd1bff5b4e27f709b"},
    {file = "mysqlclient-2.2.5-pp310-pypy310_pp73-win_amd64.whl", hash = "sha256:1d2e2ca0fe8405d8d6464edd01bf059951279e4bc27284d39341bd4737b2bc64"},
    {file = "mysqlclient-2.2.5-pp39-pypy39_pp73-win_amd64.whl", hash = "sha256:aee14f1872114865679fcb09aac3772de4595fa7dcf2f83a4c7afee15e508854"},
    {file = "mysqlclient-2.2.5.tar.gz", hash = "sha256:add8643c32f738014d252d2bdebb478623b04802e8396d5903905db36474d3ff"},
]

[[package]]
name = "pyodbc"
version = "5.2.0"
description = "DB API module for ODBC"
optional = false
python-versions = ">=3.8"
files = [
    {file = "pyodbc-5.2.0-cp310-cp310-macosx_10_9_x86_64.whl", hash = "sha256:eb0850e3e3782f57457feed297e220bb20c3e8fd7550d7a6b6bb96112bd9b6fe"},
    {file = "pyodbc-5.2.0-cp310-cp310-macosx_11_0_arm64.whl", hash = "sha256:0dae0fb86078c87acf135dbe5afd3c7d15d52ab0db5965c44159e84058c3e2fb"},
    {file = "pyodbc-5.2.0-cp310-cp310-manylinux_2_17_aarch64.manylinux2014_aarch64.whl", hash = "sha256:6493b9c7506ca964b80ad638d0dc82869df7058255d71f04fdd1405e88bcb36b"},
    {file = "pyodbc-5.2.0-cp310-cp310-manylinux_2_17_x86_64.manylinux2014_x86_64.whl", hash = "sha256:e04de873607fb960e71953c164c83e8e5d9291ce0d69e688e54947b254b04902"},
    {file = "pyodbc-5.2.0-cp310-cp310-win32.whl", hash = "sha256:74135cb10c1dcdbd99fe429c61539c232140e62939fa7c69b0a373cc552e4a08"},
    {file = "pyodbc-5.2.0-cp310-cp310-win_amd64.whl", hash = "sha256:d287121eeaa562b9ab3d4c52fa77c793dfedd127049273eb882a05d3d67a8ce8"},
    {file = "pyodbc-5.2.0-cp311-cp311-macosx_10_9_x86_64.whl", hash = "sha256:4627779f0a608b51ce2d2fe6d1d395384e65ca36248bf9dbb6d7cf2c8fda1cab"},
    {file = "pyodbc-5.2.0-cp311-cp311-macosx_11_0_arm64.whl", hash = "sha256:4d997d3b6551273647825c734158ca8a6f682df269f6b3975f2499c01577ddec"},
    {file = "pyodbc-5.2.0-cp311-cp311-manylinux_2_17_aarch64.manylinux2014_aarch64.whl", hash = "sha256:5102007a8c78dd2fc1c1b6f6147de8cfc020f81013e4b46c33e66aaa7d1bf7b1"},
    {file = "pyodbc-5.2.0-cp311-cp311-manylinux_2_17_x86_64.manylinux2014_x86_64.whl", hash = "sha256:7e3cbc7075a46c411b531ada557c4aef13d034060a70077717124cabc1717e2d"},
    {file = "pyodbc-5.2.0-cp311-cp311-win32.whl", hash = "sha256:de1ee7ec2eb326b7be5e2c4ce20d472c5ef1a6eb838d126d1d26779ff5486e49"},
    {file = "pyodbc-5.2.0-cp311-cp311-win_amd64.whl", hash = "sha256:113f904b9852c12f10c7a3288f5a3563ecdbbefe3ccc829074a9eb8255edcd29"},
    {file = "pyodbc-5.2.0-cp312-cp312-macosx_10_13_x86_64.whl", hash = "sha256:be43d1ece4f2cf4d430996689d89a1a15aeb3a8da8262527e5ced5aee27e89c3"},
    {file = "pyodbc-5.2.0-cp312-cp312-macosx_11_0_arm64.whl", hash = "sha256:9f7badd0055221a744d76c11440c0856fd2846ed53b6555cf8f0a8893a3e4b03"},
    {file = "pyodbc-5.2.0-cp312-cp312-manylinux_2_17_aarch64.manylinux2014_aarch64.whl", hash = "sha256:ad633c52f4f4e7691daaa2278d6e6ebb2fe4ae7709e610e22c7dd1a1d620cf8b"},
    {file = "pyodbc-5.2.0-cp312-cp312-manylinux_2_17_x86_64.manylinux2014_x86_64.whl", hash = "sha256:97d086a8f7a302b74c9c2e77bedf954a603b19168af900d4d3a97322e773df63"},
    {file = "pyodbc-5.2.0-cp312-cp312-win32.whl", hash = "sha256:0e4412f8e608db2a4be5bcc75f9581f386ed6a427dbcb5eac795049ba6fc205e"},
    {file = "pyodbc-5.2.0-cp312-cp312-win_amd64.whl", hash = "sha256:b1f5686b142759c5b2bdbeaa0692622c2ebb1f10780eb3c174b85f5607fbcf55"},
    {file = "pyodbc-5.2.0-cp313-cp313-macosx_10_13_x86_64.whl", hash = "sha256:26844d780045bbc3514d5c2f0d89e7fda7df7db0bd24292eb6902046f5730885"},
    {file = "pyodbc-5.2.0-cp313-cp313-macosx_11_0_arm64.whl", hash = "sha256:26d2d8fd53b71204c755abc53b0379df4e23fd9a40faf211e1cb87e8a32470f0"},
    {file = "pyodbc-5.2.0-cp313-cp313-manylinux_2_17_aarch64.manylinux2014_aarch64.whl", hash = "sha256:a27996b6d27e275dfb5fe8a34087ba1cacadfd1439e636874ef675faea5149d9"},
    {file = "pyodbc-5.2.0-cp313-cp313-manylinux_2_17_x86_64.manylinux2014_x86_64.whl", hash = "sha256:eaf42c4bd323b8fd01f1cd900cca2d09232155f9b8f0b9bcd0be66763588ce64"},
    {file = "pyodbc-5.2.0-cp313-cp313-win32.whl", hash = "sha256:207f16b7e9bf09c591616429ebf2b47127e879aad21167ac15158910dc9bbcda"},
    {file = "pyodbc-5.2.0-cp313-cp313-win_amd64.whl", hash = "sha256:96d3127f28c0dacf18da7ae009cd48eac532d3dcc718a334b86a3c65f6a5ef5c"},
    {file = "pyodbc-5.2.0-cp38-cp38-macosx_10_9_x86_64.whl", hash = "sha256:770e1ac2e7bdf31439bf1d57a1d34ae37d6151216367e8e3f6cdc275006c8bb0"},
    {file = "pyodbc-5.2.0-cp38-cp38-macosx_11_0_arm64.whl", hash = "sha256:4fde753fcea625bfaed36edae34c2fba15bf0b5d0ea27474ee038ef47b684d1d"},
    {file = "pyodbc-5.2.0-cp38-cp38-manylinux_2_17_aarch64.manylinux2014_aarch64.whl", hash = "sha256:d57843b9792994f9e73b91667da6452a4f2d7caaa2499598783eb972c4b6eb93"},
    {file = "pyodbc-5.2.0-cp38-cp38-manylinux_2_17_x86_64.manylinux2014_x86_64.whl", hash = "sha256:f1f38adc47d36af392475cd4aaae0f35652fdc9e8364bf155810fe1be591336f"},
    {file = "pyodbc-5.2.0-cp38-cp38-win32.whl", hash = "sha256:dc5342d1d09466f9e76e3979551f9205a01ff0ea78b02d2d889171e8c3c4fb9c"},
    {file = "pyodbc-5.2.0-cp38-cp38-win_amd64.whl", hash = "sha256:2b5323be83fedc79a6d1e1b96e67bdc368c1d3f1562b8f8184b735acdd749ae9"},
    {file = "pyodbc-5.2.0-cp39-cp39-macosx_10_9_x86_64.whl", hash = "sha256:9e8f4ee2c523bbe85124540ffad62a3b62ae481f012e390ef93e0602b6302e5e"},
    {file = "pyodbc-5.2.0-cp39-cp39-macosx_11_0_arm64.whl", hash = "sha256:057b8ede91b21d9f0ef58210d1ca1aad704e641ca68ac6b02f109d86b61d7402"},
    {file = "pyodbc-5.2.0-cp39-cp39-manylinux_2_17_aarch64.manylinux2014_aarch64.whl", hash = "sha256:5f0ecbc7067467df95c9b8bd38fb2682c4a13a3402d77dccaddf1e145cea8cc0"},
    {file = "pyodbc-5.2.0-cp39-cp39-manylinux_2_17_x86_64.manylinux2014_x86_64.whl", hash = "sha256:26b7f8324fa01c09fe4843ad8adb0b131299ef263a1fb9e63830c9cd1d5c45e4"},
    {file = "pyodbc-5.2.0-cp39-cp39-win32.whl", hash = "sha256:600ef6f562f609f5612ffaa8a93827249150aa3030c867937c87b24a1608967e"},
    {file = "pyodbc-5.2.0-cp39-cp39-win_amd64.whl", hash = "sha256:b77556349746fb90416a48bd114cd7323f7e2559a4b263dada935f9b406ba59b"},
    {file = "pyodbc-5.2.0.tar.gz", hash = "sha256:de8be39809c8ddeeee26a4b876a6463529cd487a60d1393eb2a93e9bcd44a8f5"},
]

[metadata]
lock-version = "2.0"
python-versions = "^3.12"
content-hash = "8eaa0cc994b290dc09d4f7248708997020e78ae29b61e41c98f362e1f25194cf"
